{
  "pins" : [
    {
      "identity" : "cocoaspice",
      "kind" : "remoteSourceControl",
      "location" : "https://github.com/utmapp/CocoaSpice.git",
      "state" : {
        "branch" : "main",
        "revision" : "52b1535824657354fc3089eab24f1827280f9143"
      }
    }
  ],
  "version" : 2
}
